github.com/cpuguy83/go-md2man/v2 v2.0.2/go.mod h1:tgQtvFlXSQOSOSIRvRPT7W67SCa46tRHOmNcaadrF8o=
github.com/gorilla/websocket v1.5.0 h1:PPwGk2jz7EePpoHN/+ClbZu8SPxiqlu12wZP/3sWmnc=
github.com/gorilla/websocket v1.5.0/go.mod h1:YR8l580nyteQvAITg2hZ9XVh4b55+EU/adAjf1fMHhE=
github.com/gosuri/uilive v0.0.4 h1:hUEBpQDj8D8jXgtCdBu7sWsy5sbW/5GhuO8KBwJ2jyY=
github.com/gosuri/uilive v0.0.4/go.mod h1:V/epo5LjjlDE5RJUcqx8dbw+zc93y5Ya3yg8tfZ74VI=
github.com/hashicorp/cronexpr v1.1.1 h1:NJZDd87hGXjoZBdvyCF9mX4DCq5Wy7+A/w+A7q0wn6c=
github.com/hashicorp/cronexpr v1.1.1/go.mod h1:P4wA0KBl9C5q2hABiMO7cp6jcIg96CDh1Efb3g1PWA4=
github.com/hashicorp/go-cleanhttp v0.5.2 h1:035FKYIWjmULyFRBKPs8TBQoi0x6d9G4xc9neXJWAZQ=
github.com/hashicorp/go-cleanhttp v0.5.2/go.mod h1:kO/YDlP8L1346E6Sodw+PrpBSV4/SoxCXGY6BqNFT48=
github.com/hashicorp/go-rootcerts v1.0.2 h1:jzhAVGtqPKbwpyCPELlgNWhE1znq+qwJtW5Oi2viEzc=
github.com/hashicorp/go-rootcerts v1.0.2/go.mod h1:pqUvnprVnM5bf7AOirdbb01K4ccR319Vf4pU3K5EGc8=
github.com/hashicorp/nomad/api v0.0.0-20220718210045-a7025e6ca476 h1:+8yeCRG9VjoZP+r3rikDXe97GSnPuEMNJl8bAlERGh8=
github.com/hashicorp/nomad/api v0.0.0-20220718210045-a7025e6ca476/go.mod h1:wPbfT+Daj0i4M73rK2TGvIHo9FUWMJ/hrhn8Xb4Puvc=
github.com/inconshreveable/mousetrap v1.0.0 h1:Z8tu5sraLXCXIcARxBp/8cbvlwVa7Z1NHg9XEKhtSvM=
github.com/inconshreveable/mousetrap v1.0.0/go.mod h1:PxqpIevigyE2G7u3NXJIT2ANytuPF1OarO4DADm73n8=
github.com/mattn/go-isatty v0.0.14 h1:yVuAays6BHfxijgZPzw+3Zlu5yQgKGP2/hcQbHb7S9Y=
github.com/mattn/go-isatty v0.0.14/go.mod h1:7GGIvUiUoEMVVmxf/4nioHXj79iQHKdU27kJ6hsGG94=
github.com/mitchellh/go-homedir v1.1.0 h1:lukF9ziXFxDFPkA1vsr5zpc1XuPDn/wFntq5mG+4E0Y=
github.com/mitchellh/go-homedir v1.1.0/go.mod h1:SfyaCUpYCn1Vlf4IUYiD9fPX4A5wJrkLzIz1N1q0pr0=
github.com/mitchellh/mapstructure v1.5.0 h1:jeMsZIYE/09sWLaz43PL7Gy6RuMjD2eJVyuac5Z2hdY=
github.com/mitchellh/mapstructure v1.5.0/go.mod h1:bFUtVrKA4DC2yAKiSyO/QUcy7e+RRV2QTWOzhPopBRo=
github.com/russross/blackfriday/v2 v2.1.0/go.mod h1:+Rmxgy9KzJVeS9/2gXHxylqXiyQDYRxCVz55jmeOWTM=
github.com/spf13/cobra v1.5.0 h1:X+jTBEBqF0bHN+9cSMgmfuvv2VHJ9ezmFNf9Y/XstYU=
github.com/spf13/cobra v1.5.0/go.mod h1:dWXEIy2H428czQCjInthrTRUg7yKbok+2Qi/yBIJoUM=
github.com/spf13/pflag v1.0.5 h1:iy+VFUOCP1a+8yFto/drg2CJ5u0yRoB7fZw3DKv/JXA=
github.com/spf13/pflag v1.0.5/go.mod h1:McXfInJRrz4CZXVZOBLb0bTZqETkiAhM9Iw0y3An2Bg=
golang.org/x/sys v0.0.0-20210630005230-0f9fa26af87c h1:F1jZWGFhYfh0Ci55sIpILtKKK8p3i2/krTr0H1rg74I=
golang.org/x/sys v0.0.0-20210630005230-0f9fa26af87c/go.mod h1:oPkhp1MJrh7nUepCBck5+mAzfO9JrbApNNgaTdGDITg=
gopkg.in/check.v1 v0.0.0-20161208181325-20d25e280405/go.mod h1:Co6ibVJAznAaIkqp8huTwlJQCZ016jof/cbN4VW5Yz0=
gopkg.in/yaml.v2 v2.4.0/go.mod h1:RDklbk79AGWmwhnvt/jBztapEOGDOx6ZbXqjP6csGnQ=
